Microsoft Visual Studio Solution File, Format Version 12.00
# Visual Studio Version 17
VisualStudioVersion = 17.5.2.0
MinimumVisualStudioVersion = 10.0.40219.1
Project("{FAE04EC0-301F-11D3-BF4B-00C04F79EFBC}") = "Clustering_K-Means", "Clustering_K-Means.csproj", "{272AB2A9-90B7-2116-F2BE-A8358FBDA056}"
EndProject
Global
	GlobalSection(SolutionConfigurationPlatforms) = preSolution
		Debug|Any CPU = Debug|Any CPU
		Release|Any CPU = Release|Any CPU
	EndGlobalSection
	GlobalSection(ProjectConfigurationPlatforms) = postSolution
		{272AB2A9-90B7-2116-F2BE-A8358FBDA056}.Debug|Any CPU.ActiveCfg = Debug|Any CPU
		{272AB2A9-90B7-2116-F2BE-A8358FBDA056}.Debug|Any CPU.Build.0 = Debug|Any CPU
		{272AB2A9-90B7-2116-F2BE-A8358FBDA056}.Release|Any CPU.ActiveCfg = Release|Any CPU
		{272AB2A9-90B7-2116-F2BE-A8358FBDA056}.Release|Any CPU.Build.0 = Release|Any CPU
	EndGlobalSection
	GlobalSection(SolutionProperties) = preSolution
		HideSolutionNode = FALSE
	EndGlobalSection
	GlobalSection(ExtensibilityGlobals) = postSolution
		SolutionGuid = {FE3CB700-F020-420F-99D7-231D42E78479}
	EndGlobalSection
EndGlobal
